
Microsoft Visual Studio Solution File, Format Version 12.00
# Visual Studio Version 17
VisualStudioVersion = 17.12.35707.178
MinimumVisualStudioVersion = 10.0.40219.1
Project("{FAE04EC0-301F-11D3-BF4B-00C04F79EFBC}") = "HackerRankerInterviewQuestionBasic", "HackerRankerInterviewQuestionBasic\HackerRankerInterviewQuestionBasic.csproj", "{F13EC0E8-462A-44FB-9F12-75E1EECB5916}"
EndProject
Project("{FAE04EC0-301F-11D3-BF4B-00C04F79EFBC}") = "LeetCodeProblems", "LeetCodeProblems\LeetCodeProblems.csproj", "{A493DCFF-C72E-454D-B3F8-2C72E951132A}"
EndProject
Project("{FAE04EC0-301F-11D3-BF4B-00C04F79EFBC}") = "PalindromeNumber", "PalindromeNumber\PalindromeNumber.csproj", "{954CB036-D113-4377-A8FA-E8118DD37AAF}"
EndProject
Global
	GlobalSection(SolutionConfigurationPlatforms) = preSolution
		Debug|Any CPU = Debug|Any CPU
		Release|Any CPU = Release|Any CPU
	EndGlobalSection
	GlobalSection(ProjectConfigurationPlatforms) = postSolution
		{F13EC0E8-462A-44FB-9F12-75E1EECB5916}.Debug|Any CPU.ActiveCfg = Debug|Any CPU
		{F13EC0E8-462A-44FB-9F12-75E1EECB5916}.Debug|Any CPU.Build.0 = Debug|Any CPU
		{F13EC0E8-462A-44FB-9F12-75E1EECB5916}.Release|Any CPU.ActiveCfg = Release|Any CPU
		{F13EC0E8-462A-44FB-9F12-75E1EECB5916}.Release|Any CPU.Build.0 = Release|Any CPU
		{A493DCFF-C72E-454D-B3F8-2C72E951132A}.Debug|Any CPU.ActiveCfg = Debug|Any CPU
		{A493DCFF-C72E-454D-B3F8-2C72E951132A}.Debug|Any CPU.Build.0 = Debug|Any CPU
		{A493DCFF-C72E-454D-B3F8-2C72E951132A}.Release|Any CPU.ActiveCfg = Release|Any CPU
		{A493DCFF-C72E-454D-B3F8-2C72E951132A}.Release|Any CPU.Build.0 = Release|Any CPU
		{954CB036-D113-4377-A8FA-E8118DD37AAF}.Debug|Any CPU.ActiveCfg = Debug|Any CPU
		{954CB036-D113-4377-A8FA-E8118DD37AAF}.Debug|Any CPU.Build.0 = Debug|Any CPU
		{954CB036-D113-4377-A8FA-E8118DD37AAF}.Release|Any CPU.ActiveCfg = Release|Any CPU
		{954CB036-D113-4377-A8FA-E8118DD37AAF}.Release|Any CPU.Build.0 = Release|Any CPU
	EndGlobalSection
	GlobalSection(SolutionProperties) = preSolution
		HideSolutionNode = FALSE
	EndGlobalSection
EndGlobal
